// !$*UTF8*$!
{
	archiveVersion = 1;
	classes = {
	};
	objectVersion = 56;
	objects = {

/* Begin PBXBuildFile section */
		A10000010000000000000001 /* Sources/WindowNest/AccessibilityService.swift in Sources */ = {isa = PBXBuildFile; fileRef = A10001010000000000000001 /* Sources/WindowNest/AccessibilityService.swift */; };
		A10000000000000000000011 /* Sources/WindowNest/AppStrings.swift in Sources */ = {isa = PBXBuildFile; fileRef = A10001100000000000000011 /* Sources/WindowNest/AppStrings.swift */; };
		A10000020000000000000001 /* Sources/WindowNest/ContentView.swift in Sources */ = {isa = PBXBuildFile; fileRef = A10001020000000000000001 /* Sources/WindowNest/ContentView.swift */; };
		A10000030000000000000001 /* Sources/WindowNest/DragLayoutOverlayController.swift in Sources */ = {isa = PBXBuildFile; fileRef = A10001030000000000000001 /* Sources/WindowNest/DragLayoutOverlayController.swift */; };
		A10000040000000000000001 /* Sources/WindowNest/DragLayoutOverlayView.swift in Sources */ = {isa = PBXBuildFile; fileRef = A10001040000000000000001 /* Sources/WindowNest/DragLayoutOverlayView.swift */; };
		A10000050000000000000001 /* Sources/WindowNest/HotKeyService.swift in Sources */ = {isa = PBXBuildFile; fileRef = A10001050000000000000001 /* Sources/WindowNest/HotKeyService.swift */; };
		A10000060000000000000001 /* Sources/WindowNest/LaunchAtLoginService.swift in Sources */ = {isa = PBXBuildFile; fileRef = A10001060000000000000001 /* Sources/WindowNest/LaunchAtLoginService.swift */; };
		A10000070000000000000001 /* Sources/WindowNest/StatusBarController.swift in Sources */ = {isa = PBXBuildFile; fileRef = A10001070000000000000001 /* Sources/WindowNest/StatusBarController.swift */; };
		A10000080000000000000001 /* Sources/WindowNest/WindowDragLayoutService.swift in Sources */ = {isa = PBXBuildFile; fileRef = A10001080000000000000001 /* Sources/WindowNest/WindowDragLayoutService.swift */; };
		A10000090000000000000001 /* Sources/WindowNest/WindowLayoutPreset.swift in Sources */ = {isa = PBXBuildFile; fileRef = A10001090000000000000001 /* Sources/WindowNest/WindowLayoutPreset.swift */; };
		A100000A0000000000000001 /* Sources/WindowNest/WindowManager.swift in Sources */ = {isa = PBXBuildFile; fileRef = A100010A0000000000000001 /* Sources/WindowNest/WindowManager.swift */; };
		A100000B0000000000000001 /* Sources/WindowNest/WindowNestApp.swift in Sources */ = {isa = PBXBuildFile; fileRef = A100010B0000000000000001 /* Sources/WindowNest/WindowNestApp.swift */; };
		A100000C0000000000000001 /* Sources/WindowNest/WindowNestModel.swift in Sources */ = {isa = PBXBuildFile; fileRef = A100010C0000000000000001 /* Sources/WindowNest/WindowNestModel.swift */; };
		A100000D0000000000000001 /* WindowNest/Assets.xcassets in Resources */ = {isa = PBXBuildFile; fileRef = A100010F0000000000000001 /* WindowNest/Assets.xcassets */; };
/* End PBXBuildFile section */

/* Begin PBXFileReference section */
		A10001010000000000000001 /* Sources/WindowNest/AccessibilityService.swift */ = {isa = PBXFileReference; lastKnownFileType = sourcecode.swift; path = Sources/WindowNest/AccessibilityService.swift; sourceTree = SOURCE_ROOT; };
		A10001100000000000000011 /* Sources/WindowNest/AppStrings.swift */ = {isa = PBXFileReference; lastKnownFileType = sourcecode.swift; path = Sources/WindowNest/AppStrings.swift; sourceTree = SOURCE_ROOT; };
		A10001020000000000000001 /* Sources/WindowNest/ContentView.swift */ = {isa = PBXFileReference; lastKnownFileType = sourcecode.swift; path = Sources/WindowNest/ContentView.swift; sourceTree = SOURCE_ROOT; };
		A10001030000000000000001 /* Sources/WindowNest/DragLayoutOverlayController.swift */ = {isa = PBXFileReference; lastKnownFileType = sourcecode.swift; path = Sources/WindowNest/DragLayoutOverlayController.swift; sourceTree = SOURCE_ROOT; };
		A10001040000000000000001 /* Sources/WindowNest/DragLayoutOverlayView.swift */ = {isa = PBXFileReference; lastKnownFileType = sourcecode.swift; path = Sources/WindowNest/DragLayoutOverlayView.swift; sourceTree = SOURCE_ROOT; };
		A10001050000000000000001 /* Sources/WindowNest/HotKeyService.swift */ = {isa = PBXFileReference; lastKnownFileType = sourcecode.swift; path = Sources/WindowNest/HotKeyService.swift; sourceTree = SOURCE_ROOT; };
		A10001060000000000000001 /* Sources/WindowNest/LaunchAtLoginService.swift */ = {isa = PBXFileReference; lastKnownFileType = sourcecode.swift; path = Sources/WindowNest/LaunchAtLoginService.swift; sourceTree = SOURCE_ROOT; };
		A10001070000000000000001 /* Sources/WindowNest/StatusBarController.swift */ = {isa = PBXFileReference; lastKnownFileType = sourcecode.swift; path = Sources/WindowNest/StatusBarController.swift; sourceTree = SOURCE_ROOT; };
		A10001080000000000000001 /* Sources/WindowNest/WindowDragLayoutService.swift */ = {isa = PBXFileReference; lastKnownFileType = sourcecode.swift; path = Sources/WindowNest/WindowDragLayoutService.swift; sourceTree = SOURCE_ROOT; };
		A10001090000000000000001 /* Sources/WindowNest/WindowLayoutPreset.swift */ = {isa = PBXFileReference; lastKnownFileType = sourcecode.swift; path = Sources/WindowNest/WindowLayoutPreset.swift; sourceTree = SOURCE_ROOT; };
		A100010A0000000000000001 /* Sources/WindowNest/WindowManager.swift */ = {isa = PBXFileReference; lastKnownFileType = sourcecode.swift; path = Sources/WindowNest/WindowManager.swift; sourceTree = SOURCE_ROOT; };
		A100010B0000000000000001 /* Sources/WindowNest/WindowNestApp.swift */ = {isa = PBXFileReference; lastKnownFileType = sourcecode.swift; path = Sources/WindowNest/WindowNestApp.swift; sourceTree = SOURCE_ROOT; };
		A100010C0000000000000001 /* Sources/WindowNest/WindowNestModel.swift */ = {isa = PBXFileReference; lastKnownFileType = sourcecode.swift; path = Sources/WindowNest/WindowNestModel.swift; sourceTree = SOURCE_ROOT; };
		A100010D0000000000000001 /* WindowNest/Info.plist */ = {isa = PBXFileReference; lastKnownFileType = text.plist.xml; path = WindowNest/Info.plist; sourceTree = SOURCE_ROOT; };
		A100010E0000000000000001 /* WindowNest.app */ = {isa = PBXFileReference; explicitFileType = wrapper.application; includeInIndex = 0; path = WindowNest.app; sourceTree = BUILT_PRODUCTS_DIR; };
		A100010F0000000000000001 /* WindowNest/Assets.xcassets */ = {isa = PBXFileReference; lastKnownFileType = folder.assetcatalog; path = WindowNest/Assets.xcassets; sourceTree = SOURCE_ROOT; };
/* End PBXFileReference section */

/* Begin PBXFrameworksBuildPhase section */
		A10002000000000000000001 /* Frameworks */ = {
			isa = PBXFrameworksBuildPhase;
			buildActionMask = 2147483647;
			files = (
			);
			runOnlyForDeploymentPostprocessing = 0;
		};
/* End PBXFrameworksBuildPhase section */

/* Begin PBXGroup section */
		A10003000000000000000001 = {
			isa = PBXGroup;
			children = (
				A10003010000000000000001 /* WindowNest */,
				A10003020000000000000001 /* Products */,
			);
			sourceTree = "<group>";
		};
		A10003010000000000000001 /* WindowNest */ = {
			isa = PBXGroup;
			children = (
				A100010D0000000000000001 /* WindowNest/Info.plist */,
				A100010F0000000000000001 /* WindowNest/Assets.xcassets */,
				A10001010000000000000001 /* Sources/WindowNest/AccessibilityService.swift */,
				A10001100000000000000011 /* Sources/WindowNest/AppStrings.swift */,
				A10001020000000000000001 /* Sources/WindowNest/ContentView.swift */,
				A10001030000000000000001 /* Sources/WindowNest/DragLayoutOverlayController.swift */,
				A10001040000000000000001 /* Sources/WindowNest/DragLayoutOverlayView.swift */,
				A10001050000000000000001 /* Sources/WindowNest/HotKeyService.swift */,
				A10001060000000000000001 /* Sources/WindowNest/LaunchAtLoginService.swift */,
				A10001070000000000000001 /* Sources/WindowNest/StatusBarController.swift */,
				A10001080000000000000001 /* Sources/WindowNest/WindowDragLayoutService.swift */,
				A10001090000000000000001 /* Sources/WindowNest/WindowLayoutPreset.swift */,
				A100010A0000000000000001 /* Sources/WindowNest/WindowManager.swift */,
				A100010B0000000000000001 /* Sources/WindowNest/WindowNestApp.swift */,
				A100010C0000000000000001 /* Sources/WindowNest/WindowNestModel.swift */,
			);
			path = WindowNest;
			sourceTree = "<group>";
		};
		A10003020000000000000001 /* Products */ = {
			isa = PBXGroup;
			children = (
				A100010E0000000000000001 /* WindowNest.app */,
			);
			name = Products;
			sourceTree = "<group>";
		};
/* End PBXGroup section */

/* Begin PBXNativeTarget section */
		A10004000000000000000001 /* WindowNest */ = {
			isa = PBXNativeTarget;
			buildConfigurationList = A10005010000000000000001 /* Build configuration list for PBXNativeTarget "WindowNest" */;
			buildPhases = (
				A10006000000000000000001 /* Sources */,
				A10002000000000000000001 /* Frameworks */,
				A10006010000000000000001 /* Resources */,
			);
			buildRules = (
			);
			dependencies = (
			);
			name = WindowNest;
			productName = WindowNest;
			productReference = A100010E0000000000000001 /* WindowNest.app */;
			productType = "com.apple.product-type.application";
		};
/* End PBXNativeTarget section */

/* Begin PBXProject section */
		A10007000000000000000001 /* Project object */ = {
			isa = PBXProject;
			attributes = {
				BuildIndependentTargetsInParallel = 1;
				LastSwiftUpdateCheck = 1620;
				LastUpgradeCheck = 1620;
				TargetAttributes = {
					A10004000000000000000001 = {
						CreatedOnToolsVersion = 16.2;
					};
				};
			};
			buildConfigurationList = A10005000000000000000001 /* Build configuration list for PBXProject "WindowNest" */;
			compatibilityVersion = "Xcode 14.0";
			developmentRegion = en;
			hasScannedForEncodings = 0;
			knownRegions = (
				en,
				Base,
				zh-Hans,
				zh-Hant,
			);
			mainGroup = A10003000000000000000001;
			productRefGroup = A10003020000000000000001 /* Products */;
			projectDirPath = "";
			projectRoot = "";
			targets = (
				A10004000000000000000001 /* WindowNest */,
			);
		};
/* End PBXProject section */

/* Begin PBXResourcesBuildPhase section */
		A10006010000000000000001 /* Resources */ = {
			isa = PBXResourcesBuildPhase;
			buildActionMask = 2147483647;
			files = (
				A100000D0000000000000001 /* WindowNest/Assets.xcassets in Resources */,
			);
			runOnlyForDeploymentPostprocessing = 0;
		};
/* End PBXResourcesBuildPhase section */

/* Begin PBXSourcesBuildPhase section */
		A10006000000000000000001 /* Sources */ = {
			isa = PBXSourcesBuildPhase;
			buildActionMask = 2147483647;
			files = (
				A10000000000000000000011 /* Sources/WindowNest/AppStrings.swift in Sources */,
				A10000010000000000000001 /* Sources/WindowNest/AccessibilityService.swift in Sources */,
				A10000020000000000000001 /* Sources/WindowNest/ContentView.swift in Sources */,
				A10000030000000000000001 /* Sources/WindowNest/DragLayoutOverlayController.swift in Sources */,
				A10000040000000000000001 /* Sources/WindowNest/DragLayoutOverlayView.swift in Sources */,
				A10000050000000000000001 /* Sources/WindowNest/HotKeyService.swift in Sources */,
				A10000060000000000000001 /* Sources/WindowNest/LaunchAtLoginService.swift in Sources */,
				A10000070000000000000001 /* Sources/WindowNest/StatusBarController.swift in Sources */,
				A10000080000000000000001 /* Sources/WindowNest/WindowDragLayoutService.swift in Sources */,
				A10000090000000000000001 /* Sources/WindowNest/WindowLayoutPreset.swift in Sources */,
				A100000A0000000000000001 /* Sources/WindowNest/WindowManager.swift in Sources */,
				A100000B0000000000000001 /* Sources/WindowNest/WindowNestApp.swift in Sources */,
				A100000C0000000000000001 /* Sources/WindowNest/WindowNestModel.swift in Sources */,
			);
			runOnlyForDeploymentPostprocessing = 0;
		};
/* End PBXSourcesBuildPhase section */

/* Begin XCBuildConfiguration section */
		A10008000000000000000001 /* Debug */ = {
			isa = XCBuildConfiguration;
			buildSettings = {
				ALWAYS_SEARCH_USER_PATHS = NO;
				ASSETCATALOG_COMPILER_APPICON_NAME = AppIcon;
				CLANG_ENABLE_MODULES = YES;
				CLANG_ENABLE_OBJC_ARC = YES;
				"CODE_SIGN_IDENTITY[sdk=macosx*]" = "Apple Development";
				CODE_SIGN_STYLE = Automatic;
				CURRENT_PROJECT_VERSION = 18;
				DEVELOPMENT_TEAM = DJHN9K372J;
				ENABLE_HARDENED_RUNTIME = NO;
				GENERATE_INFOPLIST_FILE = NO;
				INFOPLIST_FILE = WindowNest/Info.plist;
				MACOSX_DEPLOYMENT_TARGET = 14.0;
				MARKETING_VERSION = 0.4.32;
				PRODUCT_BUNDLE_IDENTIFIER = com.windownest.app;
				PRODUCT_NAME = "$(TARGET_NAME)";
				SDKROOT = macosx;
				SWIFT_EMIT_LOC_STRINGS = YES;
				SWIFT_VERSION = 5.0;
			};
			name = Debug;
		};
		A10008010000000000000001 /* Release */ = {
			isa = XCBuildConfiguration;
			buildSettings = {
				ALWAYS_SEARCH_USER_PATHS = NO;
				ASSETCATALOG_COMPILER_APPICON_NAME = AppIcon;
				CLANG_ENABLE_MODULES = YES;
				CLANG_ENABLE_OBJC_ARC = YES;
				"CODE_SIGN_IDENTITY[sdk=macosx*]" = "Apple Development";
				CODE_SIGN_STYLE = Automatic;
				CURRENT_PROJECT_VERSION = 18;
				DEVELOPMENT_TEAM = DJHN9K372J;
				ENABLE_HARDENED_RUNTIME = NO;
				GENERATE_INFOPLIST_FILE = NO;
				INFOPLIST_FILE = WindowNest/Info.plist;
				MACOSX_DEPLOYMENT_TARGET = 14.0;
				MARKETING_VERSION = 0.4.32;
				PRODUCT_BUNDLE_IDENTIFIER = com.windownest.app;
				PRODUCT_NAME = "$(TARGET_NAME)";
				SDKROOT = macosx;
				SWIFT_EMIT_LOC_STRINGS = YES;
				SWIFT_OPTIMIZATION_LEVEL = "-O";
				SWIFT_VERSION = 5.0;
			};
			name = Release;
		};
		A10008020000000000000001 /* Debug */ = {
			isa = XCBuildConfiguration;
			buildSettings = {
				CLANG_ENABLE_MODULES = YES;
				CODE_SIGN_STYLE = Automatic;
				DEVELOPMENT_TEAM = "";
				MACOSX_DEPLOYMENT_TARGET = 14.0;
				SDKROOT = macosx;
				SWIFT_VERSION = 5.0;
			};
			name = Debug;
		};
		A10008030000000000000001 /* Release */ = {
			isa = XCBuildConfiguration;
			buildSettings = {
				CLANG_ENABLE_MODULES = YES;
				CODE_SIGN_STYLE = Automatic;
				DEVELOPMENT_TEAM = "";
				MACOSX_DEPLOYMENT_TARGET = 14.0;
				SDKROOT = macosx;
				SWIFT_VERSION = 5.0;
			};
			name = Release;
		};
/* End XCBuildConfiguration section */

/* Begin XCConfigurationList section */
		A10005000000000000000001 /* Build configuration list for PBXProject "WindowNest" */ = {
			isa = XCConfigurationList;
			buildConfigurations = (
				A10008020000000000000001 /* Debug */,
				A10008030000000000000001 /* Release */,
			);
			defaultConfigurationIsVisible = 0;
			defaultConfigurationName = Release;
		};
		A10005010000000000000001 /* Build configuration list for PBXNativeTarget "WindowNest" */ = {
			isa = XCConfigurationList;
			buildConfigurations = (
				A10008000000000000000001 /* Debug */,
				A10008010000000000000001 /* Release */,
			);
			defaultConfigurationIsVisible = 0;
			defaultConfigurationName = Release;
		};
/* End XCConfigurationList section */
	};
	rootObject = A10007000000000000000001 /* Project object */;
}
